
Microsoft Visual Studio Solution File, Format Version 12.00
# Visual Studio Version 16
VisualStudioVersion = 16.0.31702.278
MinimumVisualStudioVersion = 10.0.40219.1
Project("{FAE04EC0-301F-11D3-BF4B-00C04F79EFBC}") = "PiGenerator", "PiGenerator.csproj", "{A61A5F60-5A42-4AEA-9AC4-24EA57D5BDCA}"
EndProject
Global
	GlobalSection(SolutionConfigurationPlatforms) = preSolution
		Debug|Any CPU = Debug|Any CPU
		Release|Any CPU = Release|Any CPU
	EndGlobalSection
	GlobalSection(ProjectConfigurationPlatforms) = postSolution
		{A61A5F60-5A42-4AEA-9AC4-24EA57D5BDCA}.Debug|Any CPU.ActiveCfg = Debug|Any CPU
		{A61A5F60-5A42-4AEA-9AC4-24EA57D5BDCA}.Debug|Any CPU.Build.0 = Debug|Any CPU
		{A61A5F60-5A42-4AEA-9AC4-24EA57D5BDCA}.Release|Any CPU.ActiveCfg = Release|Any CPU
		{A61A5F60-5A42-4AEA-9AC4-24EA57D5BDCA}.Release|Any CPU.Build.0 = Release|Any CPU
	EndGlobalSection
	GlobalSection(SolutionProperties) = preSolution
		HideSolutionNode = FALSE
	EndGlobalSection
	GlobalSection(ExtensibilityGlobals) = postSolution
		SolutionGuid = {21B18BCA-0AAD-42D0-A1A7-69BF238C1803}
	EndGlobalSection
EndGlobal
